// !$*UTF8*$!
{
	archiveVersion = 1;
	classes = {
	};
	objectVersion = 48;
	objects = {

/* Begin PBXBuildFile section */
		20D7F2402020AB9900C2B8D0 /* CTDropOutlineView.xib in Resources */ = {isa = PBXBuildFile; fileRef = 20D7F23F2020AB9900C2B8D0 /* CTDropOutlineView.xib */; };
		20D7F2442021FECD00C2B8D0 /* CTVCModelView.m in Sources */ = {isa = PBXBuildFile; fileRef = 20D7F2432021FECD00C2B8D0 /* CTVCModelView.m */; };
		20D7F2472022124200C2B8D0 /* CTBundleNode.m in Sources */ = {isa = PBXBuildFile; fileRef = 20D7F2462022124200C2B8D0 /* CTBundleNode.m */; };
		F5E40B8F201F1FA400F49EE2 /* AppDelegate.m in Sources */ = {isa = PBXBuildFile; fileRef = F5E40B8E201F1FA400F49EE2 /* AppDelegate.m */; };
		F5E40B92201F1FA400F49EE2 /* ViewController.m in Sources */ = {isa = PBXBuildFile; fileRef = F5E40B91201F1FA400F49EE2 /* ViewController.m */; };
		F5E40B94201F1FA400F49EE2 /* Assets.xcassets in Resources */ = {isa = PBXBuildFile; fileRef = F5E40B93201F1FA400F49EE2 /* Assets.xcassets */; };
		F5E40B97201F1FA400F49EE2 /* Main.storyboard in Resources */ = {isa = PBXBuildFile; fileRef = F5E40B95201F1FA400F49EE2 /* Main.storyboard */; };
		F5E40B9A201F1FA400F49EE2 /* main.m in Sources */ = {isa = PBXBuildFile; fileRef = F5E40B99201F1FA400F49EE2 /* main.m */; };
		F5E40BA62020377C00F49EE2 /* CTDropOutlineView.m in Sources */ = {isa = PBXBuildFile; fileRef = F5E40BA52020377C00F49EE2 /* CTDropOutlineView.m */; };
		F5E40BAB20203B8000F49EE2 /* CTNode.m in Sources */ = {isa = PBXBuildFile; fileRef = F5E40BAA20203B8000F49EE2 /* CTNode.m */; };
		F5E40BAE20205C6B00F49EE2 /* CTDropCell.m in Sources */ = {isa = PBXBuildFile; fileRef = F5E40BAD20205C6B00F49EE2 /* CTDropCell.m */; };
		F5E40BB420207ACB00F49EE2 /* CTDropCell.xib in Resources */ = {isa = PBXBuildFile; fileRef = F5E40BB320207ACB00F49EE2 /* CTDropCell.xib */; };
		F5EE1BE42021CCD8001414A5 /* CTTask.m in Sources */ = {isa = PBXBuildFile; fileRef = F5EE1BE32021CCD2001414A5 /* CTTask.m */; };
		F5EE1BE72021D927001414A5 /* NSString+JSON.m in Sources */ = {isa = PBXBuildFile; fileRef = F5EE1BE62021D927001414A5 /* NSString+JSON.m */; };
		F5EE1BEB2022B560001414A5 /* NSDictionary+JSON.m in Sources */ = {isa = PBXBuildFile; fileRef = F5EE1BEA2022B560001414A5 /* NSDictionary+JSON.m */; };
		F5EE1C862022FECB001414A5 /* CTLogPanel.m in Sources */ = {isa = PBXBuildFile; fileRef = F5EE1C852022FECB001414A5 /* CTLogPanel.m */; };
		F5EE1C882022FF20001414A5 /* CTLogPanel.xib in Resources */ = {isa = PBXBuildFile; fileRef = F5EE1C872022FF20001414A5 /* CTLogPanel.xib */; };
		F5EE1CBF2023136A001414A5 /* CTSettingCache.m in Sources */ = {isa = PBXBuildFile; fileRef = F5EE1CBE2023136A001414A5 /* CTSettingCache.m */; };
		F5EE1CC220231794001414A5 /* CTSettingModel.m in Sources */ = {isa = PBXBuildFile; fileRef = F5EE1CC120231794001414A5 /* CTSettingModel.m */; };
		F5EE1CC520231B53001414A5 /* CTSpecPanel.m in Sources */ = {isa = PBXBuildFile; fileRef = F5EE1CC420231B53001414A5 /* CTSpecPanel.m */; };
		F5EE1CC720231B60001414A5 /* CTSpecPanel.xib in Resources */ = {isa = PBXBuildFile; fileRef = F5EE1CC620231B60001414A5 /* CTSpecPanel.xib */; };
		F5EE1CCA202324BC001414A5 /* CTSettingPanel.m in Sources */ = {isa = PBXBuildFile; fileRef = F5EE1CC9202324BC001414A5 /* CTSettingPanel.m */; };
		F5EE1CCC202324C7001414A5 /* CTSettingPanel.xib in Resources */ = {isa = PBXBuildFile; fileRef = F5EE1CCB202324C7001414A5 /* CTSettingPanel.xib */; };
/* End PBXBuildFile section */

/* Begin PBXFileReference section */
		20D7F23F2020AB9900C2B8D0 /* CTDropOutlineView.xib */ = {isa = PBXFileReference; lastKnownFileType = file.xib; path = CTDropOutlineView.xib; sourceTree = "<group>"; };
		20D7F2422021FECD00C2B8D0 /* CTVCModelView.h */ = {isa = PBXFileReference; lastKnownFileType = sourcecode.c.h; path = CTVCModelView.h; sourceTree = "<group>"; };
		20D7F2432021FECD00C2B8D0 /* CTVCModelView.m */ = {isa = PBXFileReference; lastKnownFileType = sourcecode.c.objc; path = CTVCModelView.m; sourceTree = "<group>"; };
		20D7F2452022124200C2B8D0 /* CTBundleNode.h */ = {isa = PBXFileReference; lastKnownFileType = sourcecode.c.h; path = CTBundleNode.h; sourceTree = "<group>"; };
		20D7F2462022124200C2B8D0 /* CTBundleNode.m */ = {isa = PBXFileReference; lastKnownFileType = sourcecode.c.objc; path = CTBundleNode.m; sourceTree = "<group>"; };
		F5E40B8A201F1FA400F49EE2 /* CTBundleManager.app */ = {isa = PBXFileReference; explicitFileType = wrapper.application; includeInIndex = 0; path = CTBundleManager.app; sourceTree = BUILT_PRODUCTS_DIR; };
		F5E40B8D201F1FA400F49EE2 /* AppDelegate.h */ = {isa = PBXFileReference; lastKnownFileType = sourcecode.c.h; path = AppDelegate.h; sourceTree = "<group>"; };
		F5E40B8E201F1FA400F49EE2 /* AppDelegate.m */ = {isa = PBXFileReference; lastKnownFileType = sourcecode.c.objc; path = AppDelegate.m; sourceTree = "<group>"; };
		F5E40B90201F1FA400F49EE2 /* ViewController.h */ = {isa = PBXFileReference; lastKnownFileType = sourcecode.c.h; path = ViewController.h; sourceTree = "<group>"; };
		F5E40B91201F1FA400F49EE2 /* ViewController.m */ = {isa = PBXFileReference; lastKnownFileType = sourcecode.c.objc; path = ViewController.m; sourceTree = "<group>"; };
		F5E40B93201F1FA400F49EE2 /* Assets.xcassets */ = {isa = PBXFileReference; lastKnownFileType = folder.assetcatalog; path = Assets.xcassets; sourceTree = "<group>"; };
		F5E40B96201F1FA400F49EE2 /* Base */ = {isa = PBXFileReference; lastKnownFileType = file.storyboard; name = Base; path = Base.lproj/Main.storyboard; sourceTree = "<group>"; };
		F5E40B98201F1FA400F49EE2 /* Info.plist */ = {isa = PBXFileReference; lastKnownFileType = text.plist.xml; path = Info.plist; sourceTree = "<group>"; };
		F5E40B99201F1FA400F49EE2 /* main.m */ = {isa = PBXFileReference; lastKnownFileType = sourcecode.c.objc; path = main.m; sourceTree = "<group>"; };
		F5E40B9B201F1FA400F49EE2 /* CTBundleManager.entitlements */ = {isa = PBXFileReference; lastKnownFileType = text.plist.entitlements; path = CTBundleManager.entitlements; sourceTree = "<group>"; };
		F5E40BA42020377C00F49EE2 /* CTDropOutlineView.h */ = {isa = PBXFileReference; lastKnownFileType = sourcecode.c.h; path = CTDropOutlineView.h; sourceTree = "<group>"; };
		F5E40BA52020377C00F49EE2 /* CTDropOutlineView.m */ = {isa = PBXFileReference; lastKnownFileType = sourcecode.c.objc; path = CTDropOutlineView.m; sourceTree = "<group>"; };
		F5E40BA920203B8000F49EE2 /* CTNode.h */ = {isa = PBXFileReference; lastKnownFileType = sourcecode.c.h; path = CTNode.h; sourceTree = "<group>"; };
		F5E40BAA20203B8000F49EE2 /* CTNode.m */ = {isa = PBXFileReference; lastKnownFileType = sourcecode.c.objc; path = CTNode.m; sourceTree = "<group>"; };
		F5E40BAC20205C6B00F49EE2 /* CTDropCell.h */ = {isa = PBXFileReference; lastKnownFileType = sourcecode.c.h; path = CTDropCell.h; sourceTree = "<group>"; };
		F5E40BAD20205C6B00F49EE2 /* CTDropCell.m */ = {isa = PBXFileReference; lastKnownFileType = sourcecode.c.objc; path = CTDropCell.m; sourceTree = "<group>"; };
		F5E40BB320207ACB00F49EE2 /* CTDropCell.xib */ = {isa = PBXFileReference; lastKnownFileType = file.xib; path = CTDropCell.xib; sourceTree = "<group>"; };
		F5EE1BE22021CCD2001414A5 /* CTTask.h */ = {isa = PBXFileReference; lastKnownFileType = sourcecode.c.h; path = CTTask.h; sourceTree = "<group>"; };
		F5EE1BE32021CCD2001414A5 /* CTTask.m */ = {isa = PBXFileReference; lastKnownFileType = sourcecode.c.objc; path = CTTask.m; sourceTree = "<group>"; };
		F5EE1BE52021D927001414A5 /* NSString+JSON.h */ = {isa = PBXFileReference; lastKnownFileType = sourcecode.c.h; path = "NSString+JSON.h"; sourceTree = "<group>"; };
		F5EE1BE62021D927001414A5 /* NSString+JSON.m */ = {isa = PBXFileReference; lastKnownFileType = sourcecode.c.objc; path = "NSString+JSON.m"; sourceTree = "<group>"; };
		F5EE1BE92022B560001414A5 /* NSDictionary+JSON.h */ = {isa = PBXFileReference; lastKnownFileType = sourcecode.c.h; path = "NSDictionary+JSON.h"; sourceTree = "<group>"; };
		F5EE1BEA2022B560001414A5 /* NSDictionary+JSON.m */ = {isa = PBXFileReference; lastKnownFileType = sourcecode.c.objc; path = "NSDictionary+JSON.m"; sourceTree = "<group>"; };
		F5EE1C842022FECB001414A5 /* CTLogPanel.h */ = {isa = PBXFileReference; lastKnownFileType = sourcecode.c.h; path = CTLogPanel.h; sourceTree = "<group>"; };
		F5EE1C852022FECB001414A5 /* CTLogPanel.m */ = {isa = PBXFileReference; lastKnownFileType = sourcecode.c.objc; path = CTLogPanel.m; sourceTree = "<group>"; };
		F5EE1C872022FF20001414A5 /* CTLogPanel.xib */ = {isa = PBXFileReference; lastKnownFileType = file.xib; path = CTLogPanel.xib; sourceTree = "<group>"; };
		F5EE1CBD2023136A001414A5 /* CTSettingCache.h */ = {isa = PBXFileReference; lastKnownFileType = sourcecode.c.h; path = CTSettingCache.h; sourceTree = "<group>"; };
		F5EE1CBE2023136A001414A5 /* CTSettingCache.m */ = {isa = PBXFileReference; lastKnownFileType = sourcecode.c.objc; path = CTSettingCache.m; sourceTree = "<group>"; };
		F5EE1CC020231794001414A5 /* CTSettingModel.h */ = {isa = PBXFileReference; lastKnownFileType = sourcecode.c.h; path = CTSettingModel.h; sourceTree = "<group>"; };
		F5EE1CC120231794001414A5 /* CTSettingModel.m */ = {isa = PBXFileReference; lastKnownFileType = sourcecode.c.objc; path = CTSettingModel.m; sourceTree = "<group>"; };
		F5EE1CC320231B53001414A5 /* CTSpecPanel.h */ = {isa = PBXFileReference; lastKnownFileType = sourcecode.c.h; path = CTSpecPanel.h; sourceTree = "<group>"; };
		F5EE1CC420231B53001414A5 /* CTSpecPanel.m */ = {isa = PBXFileReference; lastKnownFileType = sourcecode.c.objc; path = CTSpecPanel.m; sourceTree = "<group>"; };
		F5EE1CC620231B60001414A5 /* CTSpecPanel.xib */ = {isa = PBXFileReference; lastKnownFileType = file.xib; path = CTSpecPanel.xib; sourceTree = "<group>"; };
		F5EE1CC8202324BC001414A5 /* CTSettingPanel.h */ = {isa = PBXFileReference; lastKnownFileType = sourcecode.c.h; path = CTSettingPanel.h; sourceTree = "<group>"; };
		F5EE1CC9202324BC001414A5 /* CTSettingPanel.m */ = {isa = PBXFileReference; lastKnownFileType = sourcecode.c.objc; path = CTSettingPanel.m; sourceTree = "<group>"; };
		F5EE1CCB202324C7001414A5 /* CTSettingPanel.xib */ = {isa = PBXFileReference; lastKnownFileType = file.xib; path = CTSettingPanel.xib; sourceTree = "<group>"; };
/* End PBXFileReference section */

/* Begin PBXFrameworksBuildPhase section */
		F5E40B87201F1FA400F49EE2 /* Frameworks */ = {
			isa = PBXFrameworksBuildPhase;
			buildActionMask = 2147483647;
			files = (
			);
			runOnlyForDeploymentPostprocessing = 0;
		};
/* End PBXFrameworksBuildPhase section */

/* Begin PBXGroup section */
		20D7F2412021FEAC00C2B8D0 /* ViewModel */ = {
			isa = PBXGroup;
			children = (
				20D7F2422021FECD00C2B8D0 /* CTVCModelView.h */,
				20D7F2432021FECD00C2B8D0 /* CTVCModelView.m */,
			);
			path = ViewModel;
			sourceTree = "<group>";
		};
		F5E40B81201F1FA400F49EE2 = {
			isa = PBXGroup;
			children = (
				F5E40B8C201F1FA400F49EE2 /* CTBundleManager */,
				F5E40B8B201F1FA400F49EE2 /* Products */,
			);
			sourceTree = "<group>";
		};
		F5E40B8B201F1FA400F49EE2 /* Products */ = {
			isa = PBXGroup;
			children = (
				F5E40B8A201F1FA400F49EE2 /* CTBundleManager.app */,
			);
			name = Products;
			sourceTree = "<group>";
		};
		F5E40B8C201F1FA400F49EE2 /* CTBundleManager */ = {
			isa = PBXGroup;
			children = (
				F5EE1CBC20231349001414A5 /* cache */,
				F5EE1C832022FDA4001414A5 /* Panel */,
				20D7F2412021FEAC00C2B8D0 /* ViewModel */,
				F5EE1BE82021D92C001414A5 /* Category */,
				F5EE1BE12021CCD2001414A5 /* task */,
				F5E40BA720203AAE00F49EE2 /* CTModel */,
				F5E40BA32020373E00F49EE2 /* DropView */,
				F5E40B8D201F1FA400F49EE2 /* AppDelegate.h */,
				F5E40B8E201F1FA400F49EE2 /* AppDelegate.m */,
				F5E40B90201F1FA400F49EE2 /* ViewController.h */,
				F5E40B91201F1FA400F49EE2 /* ViewController.m */,
				F5E40B93201F1FA400F49EE2 /* Assets.xcassets */,
				F5E40B95201F1FA400F49EE2 /* Main.storyboard */,
				F5E40B98201F1FA400F49EE2 /* Info.plist */,
				F5E40B99201F1FA400F49EE2 /* main.m */,
				F5E40B9B201F1FA400F49EE2 /* CTBundleManager.entitlements */,
			);
			path = CTBundleManager;
			sourceTree = "<group>";
		};
		F5E40BA32020373E00F49EE2 /* DropView */ = {
			isa = PBXGroup;
			children = (
				F5E40BA42020377C00F49EE2 /* CTDropOutlineView.h */,
				F5E40BA52020377C00F49EE2 /* CTDropOutlineView.m */,
				20D7F23F2020AB9900C2B8D0 /* CTDropOutlineView.xib */,
				F5E40BAC20205C6B00F49EE2 /* CTDropCell.h */,
				F5E40BAD20205C6B00F49EE2 /* CTDropCell.m */,
				F5E40BB320207ACB00F49EE2 /* CTDropCell.xib */,
			);
			path = DropView;
			sourceTree = "<group>";
		};
		F5E40BA720203AAE00F49EE2 /* CTModel */ = {
			isa = PBXGroup;
			children = (
				F5E40BA920203B8000F49EE2 /* CTNode.h */,
				F5E40BAA20203B8000F49EE2 /* CTNode.m */,
				20D7F2452022124200C2B8D0 /* CTBundleNode.h */,
				20D7F2462022124200C2B8D0 /* CTBundleNode.m */,
				F5EE1CC020231794001414A5 /* CTSettingModel.h */,
				F5EE1CC120231794001414A5 /* CTSettingModel.m */,
			);
			path = CTModel;
			sourceTree = "<group>";
		};
		F5EE1BE12021CCD2001414A5 /* task */ = {
			isa = PBXGroup;
			children = (
				F5EE1BE22021CCD2001414A5 /* CTTask.h */,
				F5EE1BE32021CCD2001414A5 /* CTTask.m */,
			);
			path = task;
			sourceTree = "<group>";
		};
		F5EE1BE82021D92C001414A5 /* Category */ = {
			isa = PBXGroup;
			children = (
				F5EE1BE52021D927001414A5 /* NSString+JSON.h */,
				F5EE1BE62021D927001414A5 /* NSString+JSON.m */,
				F5EE1BE92022B560001414A5 /* NSDictionary+JSON.h */,
				F5EE1BEA2022B560001414A5 /* NSDictionary+JSON.m */,
			);
			path = Category;
			sourceTree = "<group>";
		};
		F5EE1C832022FDA4001414A5 /* Panel */ = {
			isa = PBXGroup;
			children = (
				F5EE1C842022FECB001414A5 /* CTLogPanel.h */,
				F5EE1C852022FECB001414A5 /* CTLogPanel.m */,
				F5EE1C872022FF20001414A5 /* CTLogPanel.xib */,
				F5EE1CC320231B53001414A5 /* CTSpecPanel.h */,
				F5EE1CC420231B53001414A5 /* CTSpecPanel.m */,
				F5EE1CC620231B60001414A5 /* CTSpecPanel.xib */,
				F5EE1CC8202324BC001414A5 /* CTSettingPanel.h */,
				F5EE1CC9202324BC001414A5 /* CTSettingPanel.m */,
				F5EE1CCB202324C7001414A5 /* CTSettingPanel.xib */,
			);
			path = Panel;
			sourceTree = "<group>";
		};
		F5EE1CBC20231349001414A5 /* cache */ = {
			isa = PBXGroup;
			children = (
				F5EE1CBD2023136A001414A5 /* CTSettingCache.h */,
				F5EE1CBE2023136A001414A5 /* CTSettingCache.m */,
			);
			path = cache;
			sourceTree = "<group>";
		};
/* End PBXGroup section */

/* Begin PBXNativeTarget section */
		F5E40B89201F1FA400F49EE2 /* CTBundleManager */ = {
			isa = PBXNativeTarget;
			buildConfigurationList = F5E40B9E201F1FA400F49EE2 /* Build configuration list for PBXNativeTarget "CTBundleManager" */;
			buildPhases = (
				F5E40B86201F1FA400F49EE2 /* Sources */,
				F5E40B87201F1FA400F49EE2 /* Frameworks */,
				F5E40B88201F1FA400F49EE2 /* Resources */,
			);
			buildRules = (
			);
			dependencies = (
			);
			name = CTBundleManager;
			productName = CTBundleManager;
			productReference = F5E40B8A201F1FA400F49EE2 /* CTBundleManager.app */;
			productType = "com.apple.product-type.application";
		};
/* End PBXNativeTarget section */

/* Begin PBXProject section */
		F5E40B82201F1FA400F49EE2 /* Project object */ = {
			isa = PBXProject;
			attributes = {
				LastUpgradeCheck = 0900;
				ORGANIZATIONNAME = ctrip.com;
				TargetAttributes = {
					F5E40B89201F1FA400F49EE2 = {
						CreatedOnToolsVersion = 9.0;
						ProvisioningStyle = Automatic;
					};
				};
			};
			buildConfigurationList = F5E40B85201F1FA400F49EE2 /* Build configuration list for PBXProject "CTBundleManager" */;
			compatibilityVersion = "Xcode 8.0";
			developmentRegion = en;
			hasScannedForEncodings = 0;
			knownRegions = (
				en,
				Base,
			);
			mainGroup = F5E40B81201F1FA400F49EE2;
			productRefGroup = F5E40B8B201F1FA400F49EE2 /* Products */;
			projectDirPath = "";
			projectRoot = "";
			targets = (
				F5E40B89201F1FA400F49EE2 /* CTBundleManager */,
			);
		};
/* End PBXProject section */

/* Begin PBXResourcesBuildPhase section */
		F5E40B88201F1FA400F49EE2 /* Resources */ = {
			isa = PBXResourcesBuildPhase;
			buildActionMask = 2147483647;
			files = (
				F5E40B94201F1FA400F49EE2 /* Assets.xcassets in Resources */,
				F5EE1CCC202324C7001414A5 /* CTSettingPanel.xib in Resources */,
				F5EE1C882022FF20001414A5 /* CTLogPanel.xib in Resources */,
				20D7F2402020AB9900C2B8D0 /* CTDropOutlineView.xib in Resources */,
				F5E40B97201F1FA400F49EE2 /* Main.storyboard in Resources */,
				F5EE1CC720231B60001414A5 /* CTSpecPanel.xib in Resources */,
				F5E40BB420207ACB00F49EE2 /* CTDropCell.xib in Resources */,
			);
			runOnlyForDeploymentPostprocessing = 0;
		};
/* End PBXResourcesBuildPhase section */

/* Begin PBXSourcesBuildPhase section */
		F5E40B86201F1FA400F49EE2 /* Sources */ = {
			isa = PBXSourcesBuildPhase;
			buildActionMask = 2147483647;
			files = (
				F5EE1CCA202324BC001414A5 /* CTSettingPanel.m in Sources */,
				F5E40B92201F1FA400F49EE2 /* ViewController.m in Sources */,
				F5E40BA62020377C00F49EE2 /* CTDropOutlineView.m in Sources */,
				F5EE1CBF2023136A001414A5 /* CTSettingCache.m in Sources */,
				20D7F2442021FECD00C2B8D0 /* CTVCModelView.m in Sources */,
				F5EE1BEB2022B560001414A5 /* NSDictionary+JSON.m in Sources */,
				F5E40B9A201F1FA400F49EE2 /* main.m in Sources */,
				F5EE1BE42021CCD8001414A5 /* CTTask.m in Sources */,
				F5EE1CC220231794001414A5 /* CTSettingModel.m in Sources */,
				F5E40BAE20205C6B00F49EE2 /* CTDropCell.m in Sources */,
				F5EE1CC520231B53001414A5 /* CTSpecPanel.m in Sources */,
				20D7F2472022124200C2B8D0 /* CTBundleNode.m in Sources */,
				F5EE1C862022FECB001414A5 /* CTLogPanel.m in Sources */,
				F5E40B8F201F1FA400F49EE2 /* AppDelegate.m in Sources */,
				F5E40BAB20203B8000F49EE2 /* CTNode.m in Sources */,
				F5EE1BE72021D927001414A5 /* NSString+JSON.m in Sources */,
			);
			runOnlyForDeploymentPostprocessing = 0;
		};
/* End PBXSourcesBuildPhase section */

/* Begin PBXVariantGroup section */
		F5E40B95201F1FA400F49EE2 /* Main.storyboard */ = {
			isa = PBXVariantGroup;
			children = (
				F5E40B96201F1FA400F49EE2 /* Base */,
			);
			name = Main.storyboard;
			sourceTree = "<group>";
		};
/* End PBXVariantGroup section */

/* Begin XCBuildConfiguration section */
		F5E40B9C201F1FA400F49EE2 /* Debug */ = {
			isa = XCBuildConfiguration;
			buildSettings = {
				ALWAYS_SEARCH_USER_PATHS = NO;
				CLANG_ANALYZER_NONNULL = YES;
				CLANG_ANALYZER_NUMBER_OBJECT_CONVERSION = YES_AGGRESSIVE;
				CLANG_CXX_LANGUAGE_STANDARD = "gnu++14";
				CLANG_CXX_LIBRARY = "libc++";
				CLANG_ENABLE_MODULES = YES;
				CLANG_ENABLE_OBJC_ARC = YES;
				CLANG_WARN_BLOCK_CAPTURE_AUTORELEASING = YES;
				CLANG_WARN_BOOL_CONVERSION = YES;
				CLANG_WARN_COMMA = YES;
				CLANG_WARN_CONSTANT_CONVERSION = YES;
				CLANG_WARN_DIRECT_OBJC_ISA_USAGE = YES_ERROR;
				CLANG_WARN_DOCUMENTATION_COMMENTS = YES;
				CLANG_WARN_EMPTY_BODY = YES;
				CLANG_WARN_ENUM_CONVERSION = YES;
				CLANG_WARN_INFINITE_RECURSION = YES;
				CLANG_WARN_INT_CONVERSION = YES;
				CLANG_WARN_NON_LITERAL_NULL_CONVERSION = YES;
				CLANG_WARN_OBJC_LITERAL_CONVERSION = YES;
				CLANG_WARN_OBJC_ROOT_CLASS = YES_ERROR;
				CLANG_WARN_RANGE_LOOP_ANALYSIS = YES;
				CLANG_WARN_STRICT_PROTOTYPES = YES;
				CLANG_WARN_SUSPICIOUS_MOVE = YES;
				CLANG_WARN_UNGUARDED_AVAILABILITY = YES_AGGRESSIVE;
				CLANG_WARN_UNREACHABLE_CODE = YES;
				CLANG_WARN__DUPLICATE_METHOD_MATCH = YES;
				CODE_SIGN_IDENTITY = "Mac Developer";
				COPY_PHASE_STRIP = NO;
				DEBUG_INFORMATION_FORMAT = dwarf;
				ENABLE_STRICT_OBJC_MSGSEND = YES;
				ENABLE_TESTABILITY = YES;
				GCC_C_LANGUAGE_STANDARD = gnu11;
				GCC_DYNAMIC_NO_PIC = NO;
				GCC_NO_COMMON_BLOCKS = YES;
				GCC_OPTIMIZATION_LEVEL = 0;
				GCC_PREPROCESSOR_DEFINITIONS = (
					"DEBUG=1",
					"$(inherited)",
				);
				GCC_WARN_64_TO_32_BIT_CONVERSION = YES;
				GCC_WARN_ABOUT_RETURN_TYPE = YES_ERROR;
				GCC_WARN_UNDECLARED_SELECTOR = YES;
				GCC_WARN_UNINITIALIZED_AUTOS = YES_AGGRESSIVE;
				GCC_WARN_UNUSED_FUNCTION = YES;
				GCC_WARN_UNUSED_VARIABLE = YES;
				MACOSX_DEPLOYMENT_TARGET = 10.12;
				MTL_ENABLE_DEBUG_INFO = YES;
				ONLY_ACTIVE_ARCH = YES;
				SDKROOT = macosx;
			};
			name = Debug;
		};
		F5E40B9D201F1FA400F49EE2 /* Release */ = {
			isa = XCBuildConfiguration;
			buildSettings = {
				ALWAYS_SEARCH_USER_PATHS = NO;
				CLANG_ANALYZER_NONNULL = YES;
				CLANG_ANALYZER_NUMBER_OBJECT_CONVERSION = YES_AGGRESSIVE;
				CLANG_CXX_LANGUAGE_STANDARD = "gnu++14";
				CLANG_CXX_LIBRARY = "libc++";
				CLANG_ENABLE_MODULES = YES;
				CLANG_ENABLE_OBJC_ARC = YES;
				CLANG_WARN_BLOCK_CAPTURE_AUTORELEASING = YES;
				CLANG_WARN_BOOL_CONVERSION = YES;
				CLANG_WARN_COMMA = YES;
				CLANG_WARN_CONSTANT_CONVERSION = YES;
				CLANG_WARN_DIRECT_OBJC_ISA_USAGE = YES_ERROR;
				CLANG_WARN_DOCUMENTATION_COMMENTS = YES;
				CLANG_WARN_EMPTY_BODY = YES;
				CLANG_WARN_ENUM_CONVERSION = YES;
				CLANG_WARN_INFINITE_RECURSION = YES;
				CLANG_WARN_INT_CONVERSION = YES;
				CLANG_WARN_NON_LITERAL_NULL_CONVERSION = YES;
				CLANG_WARN_OBJC_LITERAL_CONVERSION = YES;
				CLANG_WARN_OBJC_ROOT_CLASS = YES_ERROR;
				CLANG_WARN_RANGE_LOOP_ANALYSIS = YES;
				CLANG_WARN_STRICT_PROTOTYPES = YES;
				CLANG_WARN_SUSPICIOUS_MOVE = YES;
				CLANG_WARN_UNGUARDED_AVAILABILITY = YES_AGGRESSIVE;
				CLANG_WARN_UNREACHABLE_CODE = YES;
				CLANG_WARN__DUPLICATE_METHOD_MATCH = YES;
				CODE_SIGN_IDENTITY = "Mac Developer";
				COPY_PHASE_STRIP = NO;
				DEBUG_INFORMATION_FORMAT = "dwarf-with-dsym";
				ENABLE_NS_ASSERTIONS = NO;
				ENABLE_STRICT_OBJC_MSGSEND = YES;
				GCC_C_LANGUAGE_STANDARD = gnu11;
				GCC_NO_COMMON_BLOCKS = YES;
				GCC_WARN_64_TO_32_BIT_CONVERSION = YES;
				GCC_WARN_ABOUT_RETURN_TYPE = YES_ERROR;
				GCC_WARN_UNDECLARED_SELECTOR = YES;
				GCC_WARN_UNINITIALIZED_AUTOS = YES_AGGRESSIVE;
				GCC_WARN_UNUSED_FUNCTION = YES;
				GCC_WARN_UNUSED_VARIABLE = YES;
				MACOSX_DEPLOYMENT_TARGET = 10.12;
				MTL_ENABLE_DEBUG_INFO = NO;
				SDKROOT = macosx;
			};
			name = Release;
		};
		F5E40B9F201F1FA400F49EE2 /* Debug */ = {
			isa = XCBuildConfiguration;
			buildSettings = {
				ASSETCATALOG_COMPILER_APPICON_NAME = AppIcon;
				CODE_SIGN_STYLE = Automatic;
				COMBINE_HIDPI_IMAGES = YES;
				DEVELOPMENT_TEAM = S6JRCXC6CG;
				INFOPLIST_FILE = CTBundleManager/Info.plist;
				LD_RUNPATH_SEARCH_PATHS = "$(inherited) @executable_path/../Frameworks";
				MACOSX_DEPLOYMENT_TARGET = 10.12;
				PRODUCT_BUNDLE_IDENTIFIER = com.ctrip.CTBundleManager;
				PRODUCT_NAME = "$(TARGET_NAME)";
			};
			name = Debug;
		};
		F5E40BA0201F1FA400F49EE2 /* Release */ = {
			isa = XCBuildConfiguration;
			buildSettings = {
				ASSETCATALOG_COMPILER_APPICON_NAME = AppIcon;
				CODE_SIGN_STYLE = Automatic;
				COMBINE_HIDPI_IMAGES = YES;
				DEVELOPMENT_TEAM = S6JRCXC6CG;
				INFOPLIST_FILE = CTBundleManager/Info.plist;
				LD_RUNPATH_SEARCH_PATHS = "$(inherited) @executable_path/../Frameworks";
				MACOSX_DEPLOYMENT_TARGET = 10.12;
				PRODUCT_BUNDLE_IDENTIFIER = com.ctrip.CTBundleManager;
				PRODUCT_NAME = "$(TARGET_NAME)";
			};
			name = Release;
		};
/* End XCBuildConfiguration section */

/* Begin XCConfigurationList section */
		F5E40B85201F1FA400F49EE2 /* Build configuration list for PBXProject "CTBundleManager" */ = {
			isa = XCConfigurationList;
			buildConfigurations = (
				F5E40B9C201F1FA400F49EE2 /* Debug */,
				F5E40B9D201F1FA400F49EE2 /* Release */,
			);
			defaultConfigurationIsVisible = 0;
			defaultConfigurationName = Release;
		};
		F5E40B9E201F1FA400F49EE2 /* Build configuration list for PBXNativeTarget "CTBundleManager" */ = {
			isa = XCConfigurationList;
			buildConfigurations = (
				F5E40B9F201F1FA400F49EE2 /* Debug */,
				F5E40BA0201F1FA400F49EE2 /* Release */,
			);
			defaultConfigurationIsVisible = 0;
			defaultConfigurationName = Release;
		};
/* End XCConfigurationList section */
	};
	rootObject = F5E40B82201F1FA400F49EE2 /* Project object */;
}
